// !$*UTF8*$!
{
	archiveVersion = 1;
	classes = {
	};
	objectVersion = 46;
	objects = {

/* Begin PBXBuildFile section */
		5526E1FE1D9D4A2100537BE7 /* AppDelegate.swift in Sources */ = {isa = PBXBuildFile; fileRef = 5526E1FD1D9D4A2100537BE7 /* AppDelegate.swift */; };
		5526E2001D9D4A2100537BE7 /* ViewController.swift in Sources */ = {isa = PBXBuildFile; fileRef = 5526E1FF1D9D4A2100537BE7 /* ViewController.swift */; };
		5526E2031D9D4A2100537BE7 /* Main.storyboard in Resources */ = {isa = PBXBuildFile; fileRef = 5526E2011D9D4A2100537BE7 /* Main.storyboard */; };
		5526E2051D9D4A2100537BE7 /* Assets.xcassets in Resources */ = {isa = PBXBuildFile; fileRef = 5526E2041D9D4A2100537BE7 /* Assets.xcassets */; };
		5526E2081D9D4A2100537BE7 /* LaunchScreen.storyboard in Resources */ = {isa = PBXBuildFile; fileRef = 5526E2061D9D4A2100537BE7 /* LaunchScreen.storyboard */; };
		5526E2101D9D4D3D00537BE7 /* GoogleService-Info.plist in Resources */ = {isa = PBXBuildFile; fileRef = 5526E20F1D9D4D3D00537BE7 /* GoogleService-Info.plist */; };
		55A03A891DA2DCBC00800553 /* RealTimeDatabaseViewController.swift in Sources */ = {isa = PBXBuildFile; fileRef = 55A03A881DA2DCBC00800553 /* RealTimeDatabaseViewController.swift */; };
		55A03A8B1DA2DCCB00800553 /* StorageViewController.swift in Sources */ = {isa = PBXBuildFile; fileRef = 55A03A8A1DA2DCCB00800553 /* StorageViewController.swift */; };
		A9DEDC711CA45E79D2D92245 /* Pods_FirebaseAnalyticsSample.framework in Frameworks */ = {isa = PBXBuildFile; fileRef = 43D6A05E70F0CABF48C3D387 /* Pods_FirebaseAnalyticsSample.framework */; };
/* End PBXBuildFile section */

/* Begin PBXFileReference section */
		1E56A0255DAEB5C128D8CC14 /* Pods-FirebaseAnalyticsSample.release.xcconfig */ = {isa = PBXFileReference; includeInIndex = 1; lastKnownFileType = text.xcconfig; name = "Pods-FirebaseAnalyticsSample.release.xcconfig"; path = "Pods/Target Support Files/Pods-FirebaseAnalyticsSample/Pods-FirebaseAnalyticsSample.release.xcconfig"; sourceTree = "<group>"; };
		43D6A05E70F0CABF48C3D387 /* Pods_FirebaseAnalyticsSample.framework */ = {isa = PBXFileReference; explicitFileType = wrapper.framework; includeInIndex = 0; path = Pods_FirebaseAnalyticsSample.framework; sourceTree = BUILT_PRODUCTS_DIR; };
		5526E1FA1D9D4A2100537BE7 /* FirebaseAnalyticsSample.app */ = {isa = PBXFileReference; explicitFileType = wrapper.application; includeInIndex = 0; path = FirebaseAnalyticsSample.app; sourceTree = BUILT_PRODUCTS_DIR; };
		5526E1FD1D9D4A2100537BE7 /* AppDelegate.swift */ = {isa = PBXFileReference; lastKnownFileType = sourcecode.swift; path = AppDelegate.swift; sourceTree = "<group>"; };
		5526E1FF1D9D4A2100537BE7 /* ViewController.swift */ = {isa = PBXFileReference; lastKnownFileType = sourcecode.swift; path = ViewController.swift; sourceTree = "<group>"; };
		5526E2021D9D4A2100537BE7 /* Base */ = {isa = PBXFileReference; lastKnownFileType = file.storyboard; name = Base; path = Base.lproj/Main.storyboard; sourceTree = "<group>"; };
		5526E2041D9D4A2100537BE7 /* Assets.xcassets */ = {isa = PBXFileReference; lastKnownFileType = folder.assetcatalog; path = Assets.xcassets; sourceTree = "<group>"; };
		5526E2071D9D4A2100537BE7 /* Base */ = {isa = PBXFileReference; lastKnownFileType = file.storyboard; name = Base; path = Base.lproj/LaunchScreen.storyboard; sourceTree = "<group>"; };
		5526E2091D9D4A2100537BE7 /* Info.plist */ = {isa = PBXFileReference; lastKnownFileType = text.plist.xml; path = Info.plist; sourceTree = "<group>"; };
		5526E20F1D9D4D3D00537BE7 /* GoogleService-Info.plist */ = {isa = PBXFileReference; fileEncoding = 4; lastKnownFileType = text.plist.xml; path = "GoogleService-Info.plist"; sourceTree = "<group>"; };
		55A03A881DA2DCBC00800553 /* RealTimeDatabaseViewController.swift */ = {isa = PBXFileReference; fileEncoding = 4; lastKnownFileType = sourcecode.swift; path = RealTimeDatabaseViewController.swift; sourceTree = "<group>"; };
		55A03A8A1DA2DCCB00800553 /* StorageViewController.swift */ = {isa = PBXFileReference; fileEncoding = 4; lastKnownFileType = sourcecode.swift; path = StorageViewController.swift; sourceTree = "<group>"; };
		77D524224DB8AA835938BFF3 /* Pods-FirebaseAnalyticsSample.debug.xcconfig */ = {isa = PBXFileReference; includeInIndex = 1; lastKnownFileType = text.xcconfig; name = "Pods-FirebaseAnalyticsSample.debug.xcconfig"; path = "Pods/Target Support Files/Pods-FirebaseAnalyticsSample/Pods-FirebaseAnalyticsSample.debug.xcconfig"; sourceTree = "<group>"; };
/* End PBXFileReference section */

/* Begin PBXFrameworksBuildPhase section */
		5526E1F71D9D4A1F00537BE7 /* Frameworks */ = {
			isa = PBXFrameworksBuildPhase;
			buildActionMask = 2147483647;
			files = (
				A9DEDC711CA45E79D2D92245 /* Pods_FirebaseAnalyticsSample.framework in Frameworks */,
			);
			runOnlyForDeploymentPostprocessing = 0;
		};
/* End PBXFrameworksBuildPhase section */

/* Begin PBXGroup section */
		5526E1F11D9D4A1F00537BE7 = {
			isa = PBXGroup;
			children = (
				5526E1FC1D9D4A2100537BE7 /* FirebaseAnalyticsSample */,
				5526E1FB1D9D4A2100537BE7 /* Products */,
				6C02ED017C9C1369CB0072CC /* Pods */,
				F022F547FC45D9BECB5B744C /* Frameworks */,
			);
			sourceTree = "<group>";
		};
		5526E1FB1D9D4A2100537BE7 /* Products */ = {
			isa = PBXGroup;
			children = (
				5526E1FA1D9D4A2100537BE7 /* FirebaseAnalyticsSample.app */,
			);
			name = Products;
			sourceTree = "<group>";
		};
		5526E1FC1D9D4A2100537BE7 /* FirebaseAnalyticsSample */ = {
			isa = PBXGroup;
			children = (
				5526E1FD1D9D4A2100537BE7 /* AppDelegate.swift */,
				5526E1FF1D9D4A2100537BE7 /* ViewController.swift */,
				5526E2011D9D4A2100537BE7 /* Main.storyboard */,
				5526E2041D9D4A2100537BE7 /* Assets.xcassets */,
				5526E2061D9D4A2100537BE7 /* LaunchScreen.storyboard */,
				5526E2091D9D4A2100537BE7 /* Info.plist */,
				5526E20F1D9D4D3D00537BE7 /* GoogleService-Info.plist */,
				55A03A881DA2DCBC00800553 /* RealTimeDatabaseViewController.swift */,
				55A03A8A1DA2DCCB00800553 /* StorageViewController.swift */,
			);
			path = FirebaseAnalyticsSample;
			sourceTree = "<group>";
		};
		6C02ED017C9C1369CB0072CC /* Pods */ = {
			isa = PBXGroup;
			children = (
				77D524224DB8AA835938BFF3 /* Pods-FirebaseAnalyticsSample.debug.xcconfig */,
				1E56A0255DAEB5C128D8CC14 /* Pods-FirebaseAnalyticsSample.release.xcconfig */,
			);
			name = Pods;
			sourceTree = "<group>";
		};
		F022F547FC45D9BECB5B744C /* Frameworks */ = {
			isa = PBXGroup;
			children = (
				43D6A05E70F0CABF48C3D387 /* Pods_FirebaseAnalyticsSample.framework */,
			);
			name = Frameworks;
			sourceTree = "<group>";
		};
/* End PBXGroup section */

/* Begin PBXNativeTarget section */
		5526E1F91D9D4A1F00537BE7 /* FirebaseAnalyticsSample */ = {
			isa = PBXNativeTarget;
			buildConfigurationList = 5526E20C1D9D4A2100537BE7 /* Build configuration list for PBXNativeTarget "FirebaseAnalyticsSample" */;
			buildPhases = (
				39A5D3739096CF6140DA3920 /* [CP] Check Pods Manifest.lock */,
				5526E1F61D9D4A1F00537BE7 /* Sources */,
				5526E1F71D9D4A1F00537BE7 /* Frameworks */,
				5526E1F81D9D4A1F00537BE7 /* Resources */,
				0CB9C04D8D53C3DDD8BD4D91 /* [CP] Embed Pods Frameworks */,
				22E0948570535721F31B8265 /* [CP] Copy Pods Resources */,
			);
			buildRules = (
			);
			dependencies = (
			);
			name = FirebaseAnalyticsSample;
			productName = FirebaseAnalyticsSample;
			productReference = 5526E1FA1D9D4A2100537BE7 /* FirebaseAnalyticsSample.app */;
			productType = "com.apple.product-type.application";
		};
/* End PBXNativeTarget section */

/* Begin PBXProject section */
		5526E1F21D9D4A1F00537BE7 /* Project object */ = {
			isa = PBXProject;
			attributes = {
				LastSwiftUpdateCheck = 0800;
				LastUpgradeCheck = 0800;
				ORGANIZATIONNAME = kohei;
				TargetAttributes = {
					5526E1F91D9D4A1F00537BE7 = {
						CreatedOnToolsVersion = 8.0;
						DevelopmentTeam = 8C8AQF3H5E;
						ProvisioningStyle = Automatic;
					};
				};
			};
			buildConfigurationList = 5526E1F51D9D4A1F00537BE7 /* Build configuration list for PBXProject "FirebaseAnalyticsSample" */;
			compatibilityVersion = "Xcode 3.2";
			developmentRegion = English;
			hasScannedForEncodings = 0;
			knownRegions = (
				en,
				Base,
			);
			mainGroup = 5526E1F11D9D4A1F00537BE7;
			productRefGroup = 5526E1FB1D9D4A2100537BE7 /* Products */;
			projectDirPath = "";
			projectRoot = "";
			targets = (
				5526E1F91D9D4A1F00537BE7 /* FirebaseAnalyticsSample */,
			);
		};
/* End PBXProject section */

/* Begin PBXResourcesBuildPhase section */
		5526E1F81D9D4A1F00537BE7 /* Resources */ = {
			isa = PBXResourcesBuildPhase;
			buildActionMask = 2147483647;
			files = (
				5526E2081D9D4A2100537BE7 /* LaunchScreen.storyboard in Resources */,
				5526E2101D9D4D3D00537BE7 /* GoogleService-Info.plist in Resources */,
				5526E2051D9D4A2100537BE7 /* Assets.xcassets in Resources */,
				5526E2031D9D4A2100537BE7 /* Main.storyboard in Resources */,
			);
			runOnlyForDeploymentPostprocessing = 0;
		};
/* End PBXResourcesBuildPhase section */

/* Begin PBXShellScriptBuildPhase section */
		0CB9C04D8D53C3DDD8BD4D91 /* [CP] Embed Pods Frameworks */ = {
			isa = PBXShellScriptBuildPhase;
			buildActionMask = 2147483647;
			files = (
			);
			inputPaths = (
			);
			name = "[CP] Embed Pods Frameworks";
			outputPaths = (
			);
			runOnlyForDeploymentPostprocessing = 0;
			shellPath = /bin/sh;
			shellScript = "\"${SRCROOT}/Pods/Target Support Files/Pods-FirebaseAnalyticsSample/Pods-FirebaseAnalyticsSample-frameworks.sh\"\n";
			showEnvVarsInLog = 0;
		};
		22E0948570535721F31B8265 /* [CP] Copy Pods Resources */ = {
			isa = PBXShellScriptBuildPhase;
			buildActionMask = 2147483647;
			files = (
			);
			inputPaths = (
			);
			name = "[CP] Copy Pods Resources";
			outputPaths = (
			);
			runOnlyForDeploymentPostprocessing = 0;
			shellPath = /bin/sh;
			shellScript = "\"${SRCROOT}/Pods/Target Support Files/Pods-FirebaseAnalyticsSample/Pods-FirebaseAnalyticsSample-resources.sh\"\n";
			showEnvVarsInLog = 0;
		};
		39A5D3739096CF6140DA3920 /* [CP] Check Pods Manifest.lock */ = {
			isa = PBXShellScriptBuildPhase;
			buildActionMask = 2147483647;
			files = (
			);
			inputPaths = (
			);
			name = "[CP] Check Pods Manifest.lock";
			outputPaths = (
			);
			runOnlyForDeploymentPostprocessing = 0;
			shellPath = /bin/sh;
			shellScript = "diff \"${PODS_ROOT}/../Podfile.lock\" \"${PODS_ROOT}/Manifest.lock\" > /dev/null\nif [[ $? != 0 ]] ; then\n    cat << EOM\nerror: The sandbox is not in sync with the Podfile.lock. Run 'pod install' or update your CocoaPods installation.\nEOM\n    exit 1\nfi\n";
			showEnvVarsInLog = 0;
		};
/* End PBXShellScriptBuildPhase section */

/* Begin PBXSourcesBuildPhase section */
		5526E1F61D9D4A1F00537BE7 /* Sources */ = {
			isa = PBXSourcesBuildPhase;
			buildActionMask = 2147483647;
			files = (
				55A03A891DA2DCBC00800553 /* RealTimeDatabaseViewController.swift in Sources */,
				5526E2001D9D4A2100537BE7 /* ViewController.swift in Sources */,
				55A03A8B1DA2DCCB00800553 /* StorageViewController.swift in Sources */,
				5526E1FE1D9D4A2100537BE7 /* AppDelegate.swift in Sources */,
			);
			runOnlyForDeploymentPostprocessing = 0;
		};
/* End PBXSourcesBuildPhase section */

/* Begin PBXVariantGroup section */
		5526E2011D9D4A2100537BE7 /* Main.storyboard */ = {
			isa = PBXVariantGroup;
			children = (
				5526E2021D9D4A2100537BE7 /* Base */,
			);
			name = Main.storyboard;
			sourceTree = "<group>";
		};
		5526E2061D9D4A2100537BE7 /* LaunchScreen.storyboard */ = {
			isa = PBXVariantGroup;
			children = (
				5526E2071D9D4A2100537BE7 /* Base */,
			);
			name = LaunchScreen.storyboard;
			sourceTree = "<group>";
		};
/* End PBXVariantGroup section */

/* Begin XCBuildConfiguration section */
		5526E20A1D9D4A2100537BE7 /* Debug */ = {
			isa = XCBuildConfiguration;
			buildSettings = {
				ALWAYS_SEARCH_USER_PATHS = NO;
				CLANG_ANALYZER_NONNULL = YES;
				CLANG_CXX_LANGUAGE_STANDARD = "gnu++0x";
				CLANG_CXX_LIBRARY = "libc++";
				CLANG_ENABLE_MODULES = YES;
				CLANG_ENABLE_OBJC_ARC = YES;
				CLANG_WARN_BOOL_CONVERSION = YES;
				CLANG_WARN_CONSTANT_CONVERSION = YES;
				CLANG_WARN_DIRECT_OBJC_ISA_USAGE = YES_ERROR;
				CLANG_WARN_DOCUMENTATION_COMMENTS = YES;
				CLANG_WARN_EMPTY_BODY = YES;
				CLANG_WARN_ENUM_CONVERSION = YES;
				CLANG_WARN_INFINITE_RECURSION = YES;
				CLANG_WARN_INT_CONVERSION = YES;
				CLANG_WARN_OBJC_ROOT_CLASS = YES_ERROR;
				CLANG_WARN_SUSPICIOUS_MOVES = YES;
				CLANG_WARN_UNREACHABLE_CODE = YES;
				CLANG_WARN__DUPLICATE_METHOD_MATCH = YES;
				"CODE_SIGN_IDENTITY[sdk=iphoneos*]" = "iPhone Developer";
				COPY_PHASE_STRIP = NO;
				DEBUG_INFORMATION_FORMAT = dwarf;
				ENABLE_STRICT_OBJC_MSGSEND = YES;
				ENABLE_TESTABILITY = YES;
				GCC_C_LANGUAGE_STANDARD = gnu99;
				GCC_DYNAMIC_NO_PIC = NO;
				GCC_NO_COMMON_BLOCKS = YES;
				GCC_OPTIMIZATION_LEVEL = 0;
				GCC_PREPROCESSOR_DEFINITIONS = (
					"DEBUG=1",
					"$(inherited)",
				);
				GCC_WARN_64_TO_32_BIT_CONVERSION = YES;
				GCC_WARN_ABOUT_RETURN_TYPE = YES_ERROR;
				GCC_WARN_UNDECLARED_SELECTOR = YES;
				GCC_WARN_UNINITIALIZED_AUTOS = YES_AGGRESSIVE;
				GCC_WARN_UNUSED_FUNCTION = YES;
				GCC_WARN_UNUSED_VARIABLE = YES;
				IPHONEOS_DEPLOYMENT_TARGET = 10.0;
				MTL_ENABLE_DEBUG_INFO = YES;
				ONLY_ACTIVE_ARCH = YES;
				SDKROOT = iphoneos;
				SWIFT_ACTIVE_COMPILATION_CONDITIONS = DEBUG;
				SWIFT_OPTIMIZATION_LEVEL = "-Onone";
			};
			name = Debug;
		};
		5526E20B1D9D4A2100537BE7 /* Release */ = {
			isa = XCBuildConfiguration;
			buildSettings = {
				ALWAYS_SEARCH_USER_PATHS = NO;
				CLANG_ANALYZER_NONNULL = YES;
				CLANG_CXX_LANGUAGE_STANDARD = "gnu++0x";
				CLANG_CXX_LIBRARY = "libc++";
				CLANG_ENABLE_MODULES = YES;
				CLANG_ENABLE_OBJC_ARC = YES;
				CLANG_WARN_BOOL_CONVERSION = YES;
				CLANG_WARN_CONSTANT_CONVERSION = YES;
				CLANG_WARN_DIRECT_OBJC_ISA_USAGE = YES_ERROR;
				CLANG_WARN_DOCUMENTATION_COMMENTS = YES;
				CLANG_WARN_EMPTY_BODY = YES;
				CLANG_WARN_ENUM_CONVERSION = YES;
				CLANG_WARN_INFINITE_RECURSION = YES;
				CLANG_WARN_INT_CONVERSION = YES;
				CLANG_WARN_OBJC_ROOT_CLASS = YES_ERROR;
				CLANG_WARN_SUSPICIOUS_MOVES = YES;
				CLANG_WARN_UNREACHABLE_CODE = YES;
				CLANG_WARN__DUPLICATE_METHOD_MATCH = YES;
				"CODE_SIGN_IDENTITY[sdk=iphoneos*]" = "iPhone Developer";
				COPY_PHASE_STRIP = NO;
				DEBUG_INFORMATION_FORMAT = "dwarf-with-dsym";
				ENABLE_NS_ASSERTIONS = NO;
				ENABLE_STRICT_OBJC_MSGSEND = YES;
				GCC_C_LANGUAGE_STANDARD = gnu99;
				GCC_NO_COMMON_BLOCKS = YES;
				GCC_WARN_64_TO_32_BIT_CONVERSION = YES;
				GCC_WARN_ABOUT_RETURN_TYPE = YES_ERROR;
				GCC_WARN_UNDECLARED_SELECTOR = YES;
				GCC_WARN_UNINITIALIZED_AUTOS = YES_AGGRESSIVE;
				GCC_WARN_UNUSED_FUNCTION = YES;
				GCC_WARN_UNUSED_VARIABLE = YES;
				IPHONEOS_DEPLOYMENT_TARGET = 10.0;
				MTL_ENABLE_DEBUG_INFO = NO;
				SDKROOT = iphoneos;
				SWIFT_OPTIMIZATION_LEVEL = "-Owholemodule";
				VALIDATE_PRODUCT = YES;
			};
			name = Release;
		};
		5526E20D1D9D4A2100537BE7 /* Debug */ = {
			isa = XCBuildConfiguration;
			baseConfigurationReference = 77D524224DB8AA835938BFF3 /* Pods-FirebaseAnalyticsSample.debug.xcconfig */;
			buildSettings = {
				ASSETCATALOG_COMPILER_APPICON_NAME = AppIcon;
				CODE_SIGN_IDENTITY = "iPhone Developer";
				DEVELOPMENT_TEAM = 8C8AQF3H5E;
				INFOPLIST_FILE = FirebaseAnalyticsSample/Info.plist;
				LD_RUNPATH_SEARCH_PATHS = "$(inherited) @executable_path/Frameworks";
				PRODUCT_BUNDLE_IDENTIFIER = com.gupuru.FirebaseAnalyticsSample;
				PRODUCT_NAME = "$(TARGET_NAME)";
				SWIFT_VERSION = 3.0;
			};
			name = Debug;
		};
		5526E20E1D9D4A2100537BE7 /* Release */ = {
			isa = XCBuildConfiguration;
			baseConfigurationReference = 1E56A0255DAEB5C128D8CC14 /* Pods-FirebaseAnalyticsSample.release.xcconfig */;
			buildSettings = {
				ASSETCATALOG_COMPILER_APPICON_NAME = AppIcon;
				CODE_SIGN_IDENTITY = "iPhone Developer";
				"CODE_SIGN_IDENTITY[sdk=iphoneos*]" = "iPhone Distribution";
				DEVELOPMENT_TEAM = 8C8AQF3H5E;
				INFOPLIST_FILE = FirebaseAnalyticsSample/Info.plist;
				LD_RUNPATH_SEARCH_PATHS = "$(inherited) @executable_path/Frameworks";
				PRODUCT_BUNDLE_IDENTIFIER = com.gupuru.FirebaseAnalyticsSample;
				PRODUCT_NAME = "$(TARGET_NAME)";
				SWIFT_VERSION = 3.0;
			};
			name = Release;
		};
/* End XCBuildConfiguration section */

/* Begin XCConfigurationList section */
		5526E1F51D9D4A1F00537BE7 /* Build configuration list for PBXProject "FirebaseAnalyticsSample" */ = {
			isa = XCConfigurationList;
			buildConfigurations = (
				5526E20A1D9D4A2100537BE7 /* Debug */,
				5526E20B1D9D4A2100537BE7 /* Release */,
			);
			defaultConfigurationIsVisible = 0;
			defaultConfigurationName = Release;
		};
		5526E20C1D9D4A2100537BE7 /* Build configuration list for PBXNativeTarget "FirebaseAnalyticsSample" */ = {
			isa = XCConfigurationList;
			buildConfigurations = (
				5526E20D1D9D4A2100537BE7 /* Debug */,
				5526E20E1D9D4A2100537BE7 /* Release */,
			);
			defaultConfigurationIsVisible = 0;
			defaultConfigurationName = Release;
		};
/* End XCConfigurationList section */
	};
	rootObject = 5526E1F21D9D4A1F00537BE7 /* Project object */;
}
